
Microsoft Visual Studio Solution File, Format Version 12.00
# Visual Studio 15
VisualStudioVersion = 15.0.28307.1022
MinimumVisualStudioVersion = 10.0.40219.1
Project("{FAE04EC0-301F-11D3-BF4B-00C04F79EFBC}") = "NorasDateControl", "NorasDateControl\NorasDateControl.csproj", "{0B0CF9AB-8AD8-4ADC-BE70-C59A6D1AA2DE}"
EndProject
Global
	GlobalSection(SolutionConfigurationPlatforms) = preSolution
		Debug|Any CPU = Debug|Any CPU
		Release|Any CPU = Release|Any CPU
	EndGlobalSection
	GlobalSection(ProjectConfigurationPlatforms) = postSolution
		{0B0CF9AB-8AD8-4ADC-BE70-C59A6D1AA2DE}.Debug|Any CPU.ActiveCfg = Debug|Any CPU
		{0B0CF9AB-8AD8-4ADC-BE70-C59A6D1AA2DE}.Debug|Any CPU.Build.0 = Debug|Any CPU
		{0B0CF9AB-8AD8-4ADC-BE70-C59A6D1AA2DE}.Release|Any CPU.ActiveCfg = Release|Any CPU
		{0B0CF9AB-8AD8-4ADC-BE70-C59A6D1AA2DE}.Release|Any CPU.Build.0 = Release|Any CPU
	EndGlobalSection
	GlobalSection(SolutionProperties) = preSolution
		HideSolutionNode = FALSE
	EndGlobalSection
	GlobalSection(ExtensibilityGlobals) = postSolution
		SolutionGuid = {CC5F74D9-7BD2-4886-B38F-D23BA90EF407}
	EndGlobalSection
EndGlobal
